
Microsoft Visual Studio Solution File, Format Version 12.00
# Visual Studio Version 17
VisualStudioVersion = 17.11.35208.52
MinimumVisualStudioVersion = 10.0.40219.1
Project("{FAE04EC0-301F-11D3-BF4B-00C04F79EFBC}") = "TronFinal", "TronFinal\TronFinal.csproj", "{85E6D215-6F85-4A52-AF00-8E44A170E4C0}"
EndProject
Global
	GlobalSection(SolutionConfigurationPlatforms) = preSolution
		Debug|Any CPU = Debug|Any CPU
		Release|Any CPU = Release|Any CPU
	EndGlobalSection
	GlobalSection(ProjectConfigurationPlatforms) = postSolution
		{85E6D215-6F85-4A52-AF00-8E44A170E4C0}.Debug|Any CPU.ActiveCfg = Debug|Any CPU
		{85E6D215-6F85-4A52-AF00-8E44A170E4C0}.Debug|Any CPU.Build.0 = Debug|Any CPU
		{85E6D215-6F85-4A52-AF00-8E44A170E4C0}.Release|Any CPU.ActiveCfg = Release|Any CPU
		{85E6D215-6F85-4A52-AF00-8E44A170E4C0}.Release|Any CPU.Build.0 = Release|Any CPU
	EndGlobalSection
	GlobalSection(SolutionProperties) = preSolution
		HideSolutionNode = FALSE
	EndGlobalSection
	GlobalSection(ExtensibilityGlobals) = postSolution
		SolutionGuid = {8C2B6103-6812-48A8-A4AE-C1BC5548A5B0}
	EndGlobalSection
EndGlobal
